
Microsoft Visual Studio Solution File, Format Version 12.00
# Visual Studio Version 16
VisualStudioVersion = 16.0.31321.278
MinimumVisualStudioVersion = 10.0.40219.1
Project("{9A19103F-16F7-4668-BE54-9A1E7A4F7556}") = "PizzaBot", "PizzaBot\PizzaBot.csproj", "{0FF8C032-5464-44B8-8B87-7142C8AF304E}"
EndProject
Project("{9A19103F-16F7-4668-BE54-9A1E7A4F7556}") = "PizzaBotTest", "PizzaBotTest\PizzaBotTest.csproj", "{E5647B7B-347A-49AB-8E83-E9BEFC47E999}"
EndProject
Global
	GlobalSection(SolutionConfigurationPlatforms) = preSolution
		Debug|Any CPU = Debug|Any CPU
		Release|Any CPU = Release|Any CPU
	EndGlobalSection
	GlobalSection(ProjectConfigurationPlatforms) = postSolution
		{0FF8C032-5464-44B8-8B87-7142C8AF304E}.Debug|Any CPU.ActiveCfg = Debug|Any CPU
		{0FF8C032-5464-44B8-8B87-7142C8AF304E}.Debug|Any CPU.Build.0 = Debug|Any CPU
		{0FF8C032-5464-44B8-8B87-7142C8AF304E}.Release|Any CPU.ActiveCfg = Release|Any CPU
		{0FF8C032-5464-44B8-8B87-7142C8AF304E}.Release|Any CPU.Build.0 = Release|Any CPU
		{E5647B7B-347A-49AB-8E83-E9BEFC47E999}.Debug|Any CPU.ActiveCfg = Debug|Any CPU
		{E5647B7B-347A-49AB-8E83-E9BEFC47E999}.Debug|Any CPU.Build.0 = Debug|Any CPU
		{E5647B7B-347A-49AB-8E83-E9BEFC47E999}.Release|Any CPU.ActiveCfg = Release|Any CPU
		{E5647B7B-347A-49AB-8E83-E9BEFC47E999}.Release|Any CPU.Build.0 = Release|Any CPU
	EndGlobalSection
	GlobalSection(SolutionProperties) = preSolution
		HideSolutionNode = FALSE
	EndGlobalSection
	GlobalSection(ExtensibilityGlobals) = postSolution
		SolutionGuid = {A54139C1-F7BC-4593-A832-F6DA28E31DCB}
	EndGlobalSection
EndGlobal
